# This file is automatically @generated by Cargo.
# It is not intended for manual editing.
version = 3

[[package]]
name = "arrayvec"
version = "0.7.4"
source = "registry+https://github.com/rust-lang/crates.io-index"
checksum = "96d30a06541fbafbc7f82ed10c06164cfbd2c401138f6addd8404629c4b16711"

[[package]]
name = "flatten"
version = "0.1.0"
dependencies = [
 "arrayvec",
 "kurbo",
]

[[package]]
name = "kurbo"
version = "0.10.4"
source = "registry+https://github.com/rust-lang/crates.io-index"
checksum = "1618d4ebd923e97d67e7cd363d80aef35fe961005cbbbb3d2dad8bdd1bc63440"
dependencies = [
 "arrayvec",
 "smallvec",
]

[[package]]
name = "smallvec"
version = "1.13.2"
source = "registry+https://github.com/rust-lang/crates.io-index"
checksum = "3c5e1a9a646d36c3599cd173a41282daf47c44583ad367b8e6837255952e5c67"
